
Microsoft Visual Studio Solution File, Format Version 12.00
# Visual Studio Version 16
VisualStudioVersion = 16.0.29201.188
MinimumVisualStudioVersion = 10.0.40219.1
Project("{2150E333-8FDC-42A3-9474-1A3956D46DE8}") = "Task1", "Task1", "{11026428-55F1-40F9-9080-E9091374375B}"
EndProject
Project("{FAE04EC0-301F-11D3-BF4B-00C04F79EFBC}") = "StudentDashboard", "StudentDashboard\StudentDashboard.csproj", "{AB604625-E8DB-472E-8924-31C1A08E884F}"
EndProject
Project("{FAE04EC0-301F-11D3-BF4B-00C04F79EFBC}") = "Student.Data1", "Student.Data1\Student.Data1.csproj", "{CD529FBC-641F-4666-A6BF-C0E317C38C55}"
EndProject
Project("{2150E333-8FDC-42A3-9474-1A3956D46DE8}") = "Task2", "Task2", "{B335338F-211D-44CE-825E-D65D4A50D34D}"
EndProject
Project("{00D1A9C2-B5F0-4AF3-8072-F6C62B433612}") = "Student.Database", "Student.Database\Student.Database.sqlproj", "{E0BB5426-1058-423B-AB6E-D8A4F8B25FF1}"
EndProject
Project("{FAE04EC0-301F-11D3-BF4B-00C04F79EFBC}") = "Student.DataLib", "Student.DataLib\Student.DataLib.csproj", "{560914B2-F095-4279-9881-3B7AFDCA5FB3}"
EndProject
Project("{FAE04EC0-301F-11D3-BF4B-00C04F79EFBC}") = "StudentWebApi", "StudentWebApi\StudentWebApi.csproj", "{1B890C25-097B-47AC-900E-08DD17AB02BC}"
EndProject
Project("{FAE04EC0-301F-11D3-BF4B-00C04F79EFBC}") = "StudentDashboard2", "StudentDashboard2\StudentDashboard2.csproj", "{D150DC17-FC6D-42A6-82E1-A6E448B12D2C}"
EndProject
Project("{2150E333-8FDC-42A3-9474-1A3956D46DE8}") = "Task3", "Task3", "{0345363C-31E6-405B-A495-659A0E0132F9}"
EndProject
Project("{FAE04EC0-301F-11D3-BF4B-00C04F79EFBC}") = "StudentDashboard3", "Task3\StudentDashboard2\StudentDashboard3.csproj", "{249ACA66-A0A9-4614-A656-952113ED4A2E}"
EndProject
Project("{FAE04EC0-301F-11D3-BF4B-00C04F79EFBC}") = "Student.DataLib3", "Task3\Student.DataLib\Student.DataLib3.csproj", "{C2F72033-D8DC-47DC-A588-2F423354D0BD}"
EndProject
Project("{FAE04EC0-301F-11D3-BF4B-00C04F79EFBC}") = "StudentWebApi3", "Task3\StudentWebApi3\StudentWebApi3.csproj", "{9663AD0C-412C-4AB2-A2CC-E7B18BDFEAEA}"
EndProject
Project("{FAE04EC0-301F-11D3-BF4B-00C04F79EFBC}") = "StudentConsumerService", "Task3\StudentConsumerService\StudentConsumerService.csproj", "{7C653F20-645D-4EC1-A2A2-84734631852D}"
EndProject
Project("{2150E333-8FDC-42A3-9474-1A3956D46DE8}") = "Task4", "Task4", "{D13C15B8-0DFD-4A9A-982A-82E86D16F86A}"
EndProject
Project("{FAE04EC0-301F-11D3-BF4B-00C04F79EFBC}") = "StudentDashBoard4", "Task4\StudentDashBoard4\StudentDashBoard4.csproj", "{2DD09611-EC8D-4534-B057-7AA99435DB4A}"
EndProject
Project("{FAE04EC0-301F-11D3-BF4B-00C04F79EFBC}") = "StudentWebApi4", "StudentWebApi4\StudentWebApi4.csproj", "{6EA90365-C915-4DB1-A571-DF7DD92A9C96}"
EndProject
Project("{FAE04EC0-301F-11D3-BF4B-00C04F79EFBC}") = "StudentConsumerService4", "Task4\StudentConsumerService4\StudentConsumerService4.csproj", "{2FF1CB2F-2930-44C1-891A-57C2D5F0A626}"
EndProject
Project("{2150E333-8FDC-42A3-9474-1A3956D46DE8}") = "Task6", "Task6", "{113A364E-B29E-4A55-9C31-D959A23C32F9}"
EndProject
Project("{FAE04EC0-301F-11D3-BF4B-00C04F79EFBC}") = "StudentFunctionApp", "Task6\StudentFunctionApp\StudentFunctionApp.csproj", "{CCB09B66-2541-40DD-BBC4-CF3A3DE72BF7}"
EndProject
Global
	GlobalSection(SolutionConfigurationPlatforms) = preSolution
		Debug|Any CPU = Debug|Any CPU
		Release|Any CPU = Release|Any CPU
	EndGlobalSection
	GlobalSection(ProjectConfigurationPlatforms) = postSolution
		{AB604625-E8DB-472E-8924-31C1A08E884F}.Debug|Any CPU.ActiveCfg = Debug|Any CPU
		{AB604625-E8DB-472E-8924-31C1A08E884F}.Debug|Any CPU.Build.0 = Debug|Any CPU
		{AB604625-E8DB-472E-8924-31C1A08E884F}.Release|Any CPU.ActiveCfg = Release|Any CPU
		{AB604625-E8DB-472E-8924-31C1A08E884F}.Release|Any CPU.Build.0 = Release|Any CPU
		{CD529FBC-641F-4666-A6BF-C0E317C38C55}.Debug|Any CPU.ActiveCfg = Debug|Any CPU
		{CD529FBC-641F-4666-A6BF-C0E317C38C55}.Debug|Any CPU.Build.0 = Debug|Any CPU
		{CD529FBC-641F-4666-A6BF-C0E317C38C55}.Release|Any CPU.ActiveCfg = Release|Any CPU
		{CD529FBC-641F-4666-A6BF-C0E317C38C55}.Release|Any CPU.Build.0 = Release|Any CPU
		{E0BB5426-1058-423B-AB6E-D8A4F8B25FF1}.Debug|Any CPU.ActiveCfg = Debug|Any CPU
		{E0BB5426-1058-423B-AB6E-D8A4F8B25FF1}.Debug|Any CPU.Build.0 = Debug|Any CPU
		{E0BB5426-1058-423B-AB6E-D8A4F8B25FF1}.Debug|Any CPU.Deploy.0 = Debug|Any CPU
		{E0BB5426-1058-423B-AB6E-D8A4F8B25FF1}.Release|Any CPU.ActiveCfg = Release|Any CPU
		{E0BB5426-1058-423B-AB6E-D8A4F8B25FF1}.Release|Any CPU.Build.0 = Release|Any CPU
		{E0BB5426-1058-423B-AB6E-D8A4F8B25FF1}.Release|Any CPU.Deploy.0 = Release|Any CPU
		{560914B2-F095-4279-9881-3B7AFDCA5FB3}.Debug|Any CPU.ActiveCfg = Debug|Any CPU
		{560914B2-F095-4279-9881-3B7AFDCA5FB3}.Debug|Any CPU.Build.0 = Debug|Any CPU
		{560914B2-F095-4279-9881-3B7AFDCA5FB3}.Release|Any CPU.ActiveCfg = Release|Any CPU
		{560914B2-F095-4279-9881-3B7AFDCA5FB3}.Release|Any CPU.Build.0 = Release|Any CPU
		{1B890C25-097B-47AC-900E-08DD17AB02BC}.Debug|Any CPU.ActiveCfg = Debug|Any CPU
		{1B890C25-097B-47AC-900E-08DD17AB02BC}.Debug|Any CPU.Build.0 = Debug|Any CPU
		{1B890C25-097B-47AC-900E-08DD17AB02BC}.Release|Any CPU.ActiveCfg = Release|Any CPU
		{1B890C25-097B-47AC-900E-08DD17AB02BC}.Release|Any CPU.Build.0 = Release|Any CPU
		{D150DC17-FC6D-42A6-82E1-A6E448B12D2C}.Debug|Any CPU.ActiveCfg = Debug|Any CPU
		{D150DC17-FC6D-42A6-82E1-A6E448B12D2C}.Debug|Any CPU.Build.0 = Debug|Any CPU
		{D150DC17-FC6D-42A6-82E1-A6E448B12D2C}.Release|Any CPU.ActiveCfg = Release|Any CPU
		{D150DC17-FC6D-42A6-82E1-A6E448B12D2C}.Release|Any CPU.Build.0 = Release|Any CPU
		{249ACA66-A0A9-4614-A656-952113ED4A2E}.Debug|Any CPU.ActiveCfg = Debug|Any CPU
		{249ACA66-A0A9-4614-A656-952113ED4A2E}.Debug|Any CPU.Build.0 = Debug|Any CPU
		{249ACA66-A0A9-4614-A656-952113ED4A2E}.Release|Any CPU.ActiveCfg = Release|Any CPU
		{249ACA66-A0A9-4614-A656-952113ED4A2E}.Release|Any CPU.Build.0 = Release|Any CPU
		{C2F72033-D8DC-47DC-A588-2F423354D0BD}.Debug|Any CPU.ActiveCfg = Debug|Any CPU
		{C2F72033-D8DC-47DC-A588-2F423354D0BD}.Debug|Any CPU.Build.0 = Debug|Any CPU
		{C2F72033-D8DC-47DC-A588-2F423354D0BD}.Release|Any CPU.ActiveCfg = Release|Any CPU
		{C2F72033-D8DC-47DC-A588-2F423354D0BD}.Release|Any CPU.Build.0 = Release|Any CPU
		{9663AD0C-412C-4AB2-A2CC-E7B18BDFEAEA}.Debug|Any CPU.ActiveCfg = Debug|Any CPU
		{9663AD0C-412C-4AB2-A2CC-E7B18BDFEAEA}.Debug|Any CPU.Build.0 = Debug|Any CPU
		{9663AD0C-412C-4AB2-A2CC-E7B18BDFEAEA}.Release|Any CPU.ActiveCfg = Release|Any CPU
		{9663AD0C-412C-4AB2-A2CC-E7B18BDFEAEA}.Release|Any CPU.Build.0 = Release|Any CPU
		{7C653F20-645D-4EC1-A2A2-84734631852D}.Debug|Any CPU.ActiveCfg = Debug|Any CPU
		{7C653F20-645D-4EC1-A2A2-84734631852D}.Debug|Any CPU.Build.0 = Debug|Any CPU
		{7C653F20-645D-4EC1-A2A2-84734631852D}.Release|Any CPU.ActiveCfg = Release|Any CPU
		{7C653F20-645D-4EC1-A2A2-84734631852D}.Release|Any CPU.Build.0 = Release|Any CPU
		{2DD09611-EC8D-4534-B057-7AA99435DB4A}.Debug|Any CPU.ActiveCfg = Debug|Any CPU
		{2DD09611-EC8D-4534-B057-7AA99435DB4A}.Debug|Any CPU.Build.0 = Debug|Any CPU
		{2DD09611-EC8D-4534-B057-7AA99435DB4A}.Release|Any CPU.ActiveCfg = Release|Any CPU
		{2DD09611-EC8D-4534-B057-7AA99435DB4A}.Release|Any CPU.Build.0 = Release|Any CPU
		{6EA90365-C915-4DB1-A571-DF7DD92A9C96}.Debug|Any CPU.ActiveCfg = Debug|Any CPU
		{6EA90365-C915-4DB1-A571-DF7DD92A9C96}.Debug|Any CPU.Build.0 = Debug|Any CPU
		{6EA90365-C915-4DB1-A571-DF7DD92A9C96}.Release|Any CPU.ActiveCfg = Release|Any CPU
		{6EA90365-C915-4DB1-A571-DF7DD92A9C96}.Release|Any CPU.Build.0 = Release|Any CPU
		{2FF1CB2F-2930-44C1-891A-57C2D5F0A626}.Debug|Any CPU.ActiveCfg = Debug|Any CPU
		{2FF1CB2F-2930-44C1-891A-57C2D5F0A626}.Debug|Any CPU.Build.0 = Debug|Any CPU
		{2FF1CB2F-2930-44C1-891A-57C2D5F0A626}.Release|Any CPU.ActiveCfg = Release|Any CPU
		{2FF1CB2F-2930-44C1-891A-57C2D5F0A626}.Release|Any CPU.Build.0 = Release|Any CPU
		{CCB09B66-2541-40DD-BBC4-CF3A3DE72BF7}.Debug|Any CPU.ActiveCfg = Debug|Any CPU
		{CCB09B66-2541-40DD-BBC4-CF3A3DE72BF7}.Debug|Any CPU.Build.0 = Debug|Any CPU
		{CCB09B66-2541-40DD-BBC4-CF3A3DE72BF7}.Release|Any CPU.ActiveCfg = Release|Any CPU
		{CCB09B66-2541-40DD-BBC4-CF3A3DE72BF7}.Release|Any CPU.Build.0 = Release|Any CPU
	EndGlobalSection
	GlobalSection(SolutionProperties) = preSolution
		HideSolutionNode = FALSE
	EndGlobalSection
	GlobalSection(NestedProjects) = preSolution
		{AB604625-E8DB-472E-8924-31C1A08E884F} = {11026428-55F1-40F9-9080-E9091374375B}
		{CD529FBC-641F-4666-A6BF-C0E317C38C55} = {11026428-55F1-40F9-9080-E9091374375B}
		{E0BB5426-1058-423B-AB6E-D8A4F8B25FF1} = {B335338F-211D-44CE-825E-D65D4A50D34D}
		{560914B2-F095-4279-9881-3B7AFDCA5FB3} = {B335338F-211D-44CE-825E-D65D4A50D34D}
		{1B890C25-097B-47AC-900E-08DD17AB02BC} = {B335338F-211D-44CE-825E-D65D4A50D34D}
		{D150DC17-FC6D-42A6-82E1-A6E448B12D2C} = {B335338F-211D-44CE-825E-D65D4A50D34D}
		{249ACA66-A0A9-4614-A656-952113ED4A2E} = {0345363C-31E6-405B-A495-659A0E0132F9}
		{C2F72033-D8DC-47DC-A588-2F423354D0BD} = {0345363C-31E6-405B-A495-659A0E0132F9}
		{9663AD0C-412C-4AB2-A2CC-E7B18BDFEAEA} = {0345363C-31E6-405B-A495-659A0E0132F9}
		{7C653F20-645D-4EC1-A2A2-84734631852D} = {0345363C-31E6-405B-A495-659A0E0132F9}
		{2DD09611-EC8D-4534-B057-7AA99435DB4A} = {D13C15B8-0DFD-4A9A-982A-82E86D16F86A}
		{6EA90365-C915-4DB1-A571-DF7DD92A9C96} = {D13C15B8-0DFD-4A9A-982A-82E86D16F86A}
		{2FF1CB2F-2930-44C1-891A-57C2D5F0A626} = {D13C15B8-0DFD-4A9A-982A-82E86D16F86A}
		{CCB09B66-2541-40DD-BBC4-CF3A3DE72BF7} = {113A364E-B29E-4A55-9C31-D959A23C32F9}
	EndGlobalSection
	GlobalSection(ExtensibilityGlobals) = postSolution
		SolutionGuid = {176AD267-A409-410E-8E7B-4D08FC41A10E}
	EndGlobalSection
EndGlobal
